
Microsoft Visual Studio Solution File, Format Version 12.00
# Visual Studio Version 17
VisualStudioVersion = 17.9.34607.119
MinimumVisualStudioVersion = 10.0.40219.1
Project("{FAE04EC0-301F-11D3-BF4B-00C04F79EFBC}") = "School.API", "School.API\School.API.csproj", "{DEA4F57F-4691-4A11-BD02-0D1FD6579003}"
	ProjectSection(ProjectDependencies) = postProject
		{19BCE415-5DBE-4522-A889-6FB9DA73B919} = {19BCE415-5DBE-4522-A889-6FB9DA73B919}
	EndProjectSection
EndProject
Project("{9A19103F-16F7-4668-BE54-9A1E7A4F7556}") = "School.Logic", "School.Logic\School.Logic.csproj", "{19BCE415-5DBE-4522-A889-6FB9DA73B919}"
EndProject
Project("{9A19103F-16F7-4668-BE54-9A1E7A4F7556}") = "School.Data", "School.Data\School.Data.csproj", "{210DEB49-3C41-4F4B-955B-528155166047}"
EndProject
Global
	GlobalSection(SolutionConfigurationPlatforms) = preSolution
		Debug|Any CPU = Debug|Any CPU
		Release|Any CPU = Release|Any CPU
	EndGlobalSection
	GlobalSection(ProjectConfigurationPlatforms) = postSolution
		{DEA4F57F-4691-4A11-BD02-0D1FD6579003}.Debug|Any CPU.ActiveCfg = Debug|Any CPU
		{DEA4F57F-4691-4A11-BD02-0D1FD6579003}.Debug|Any CPU.Build.0 = Debug|Any CPU
		{DEA4F57F-4691-4A11-BD02-0D1FD6579003}.Release|Any CPU.ActiveCfg = Release|Any CPU
		{DEA4F57F-4691-4A11-BD02-0D1FD6579003}.Release|Any CPU.Build.0 = Release|Any CPU
		{19BCE415-5DBE-4522-A889-6FB9DA73B919}.Debug|Any CPU.ActiveCfg = Debug|Any CPU
		{19BCE415-5DBE-4522-A889-6FB9DA73B919}.Debug|Any CPU.Build.0 = Debug|Any CPU
		{19BCE415-5DBE-4522-A889-6FB9DA73B919}.Release|Any CPU.ActiveCfg = Release|Any CPU
		{19BCE415-5DBE-4522-A889-6FB9DA73B919}.Release|Any CPU.Build.0 = Release|Any CPU
		{210DEB49-3C41-4F4B-955B-528155166047}.Debug|Any CPU.ActiveCfg = Debug|Any CPU
		{210DEB49-3C41-4F4B-955B-528155166047}.Debug|Any CPU.Build.0 = Debug|Any CPU
		{210DEB49-3C41-4F4B-955B-528155166047}.Release|Any CPU.ActiveCfg = Release|Any CPU
		{210DEB49-3C41-4F4B-955B-528155166047}.Release|Any CPU.Build.0 = Release|Any CPU
	EndGlobalSection
	GlobalSection(SolutionProperties) = preSolution
		HideSolutionNode = FALSE
	EndGlobalSection
	GlobalSection(ExtensibilityGlobals) = postSolution
		SolutionGuid = {CAE0748C-1BEC-4454-AA9D-1FFD5A2EACCF}
	EndGlobalSection
EndGlobal
