
Microsoft Visual Studio Solution File, Format Version 12.00
# Visual Studio Version 16
VisualStudioVersion = 16.0.30114.105
MinimumVisualStudioVersion = 10.0.40219.1
Project("{9A19103F-16F7-4668-BE54-9A1E7A4F7556}") = "RRModels", "RRModels\RRModels.csproj", "{2F9E2F68-9F36-4123-B2B8-53BC7CDCFD80}"
EndProject
Project("{9A19103F-16F7-4668-BE54-9A1E7A4F7556}") = "RRUI", "RRUI\RRUI.csproj", "{C02ED5DB-063A-46AC-9604-7AA077DE9791}"
EndProject
Project("{9A19103F-16F7-4668-BE54-9A1E7A4F7556}") = "RRDL", "RRDL\RRDL.csproj", "{0BDCFAB5-A774-4672-8AE9-23A277CD83D5}"
EndProject
Project("{9A19103F-16F7-4668-BE54-9A1E7A4F7556}") = "RRBL", "RRBL\RRBL.csproj", "{A55282F5-52C4-4AFF-88AF-C91FBE8674E7}"
EndProject
Project("{9A19103F-16F7-4668-BE54-9A1E7A4F7556}") = "RRTest", "RRTest\RRTest.csproj", "{0B8AE378-DA9B-40F1-8417-F84F1B686DD9}"
EndProject
Project("{FAE04EC0-301F-11D3-BF4B-00C04F79EFBC}") = "RRWebUI", "RRWebUI\RRWebUI.csproj", "{5CDC66D6-475E-4C99-8880-5ED01DF8E38A}"
EndProject
Global
	GlobalSection(SolutionConfigurationPlatforms) = preSolution
		Debug|Any CPU = Debug|Any CPU
		Debug|x64 = Debug|x64
		Debug|x86 = Debug|x86
		Release|Any CPU = Release|Any CPU
		Release|x64 = Release|x64
		Release|x86 = Release|x86
	EndGlobalSection
	GlobalSection(ProjectConfigurationPlatforms) = postSolution
		{2F9E2F68-9F36-4123-B2B8-53BC7CDCFD80}.Debug|Any CPU.ActiveCfg = Debug|Any CPU
		{2F9E2F68-9F36-4123-B2B8-53BC7CDCFD80}.Debug|Any CPU.Build.0 = Debug|Any CPU
		{2F9E2F68-9F36-4123-B2B8-53BC7CDCFD80}.Debug|x64.ActiveCfg = Debug|Any CPU
		{2F9E2F68-9F36-4123-B2B8-53BC7CDCFD80}.Debug|x64.Build.0 = Debug|Any CPU
		{2F9E2F68-9F36-4123-B2B8-53BC7CDCFD80}.Debug|x86.ActiveCfg = Debug|Any CPU
		{2F9E2F68-9F36-4123-B2B8-53BC7CDCFD80}.Debug|x86.Build.0 = Debug|Any CPU
		{2F9E2F68-9F36-4123-B2B8-53BC7CDCFD80}.Release|Any CPU.ActiveCfg = Release|Any CPU
		{2F9E2F68-9F36-4123-B2B8-53BC7CDCFD80}.Release|Any CPU.Build.0 = Release|Any CPU
		{2F9E2F68-9F36-4123-B2B8-53BC7CDCFD80}.Release|x64.ActiveCfg = Release|Any CPU
		{2F9E2F68-9F36-4123-B2B8-53BC7CDCFD80}.Release|x64.Build.0 = Release|Any CPU
		{2F9E2F68-9F36-4123-B2B8-53BC7CDCFD80}.Release|x86.ActiveCfg = Release|Any CPU
		{2F9E2F68-9F36-4123-B2B8-53BC7CDCFD80}.Release|x86.Build.0 = Release|Any CPU
		{C02ED5DB-063A-46AC-9604-7AA077DE9791}.Debug|Any CPU.ActiveCfg = Debug|Any CPU
		{C02ED5DB-063A-46AC-9604-7AA077DE9791}.Debug|Any CPU.Build.0 = Debug|Any CPU
		{C02ED5DB-063A-46AC-9604-7AA077DE9791}.Debug|x64.ActiveCfg = Debug|Any CPU
		{C02ED5DB-063A-46AC-9604-7AA077DE9791}.Debug|x64.Build.0 = Debug|Any CPU
		{C02ED5DB-063A-46AC-9604-7AA077DE9791}.Debug|x86.ActiveCfg = Debug|Any CPU
		{C02ED5DB-063A-46AC-9604-7AA077DE9791}.Debug|x86.Build.0 = Debug|Any CPU
		{C02ED5DB-063A-46AC-9604-7AA077DE9791}.Release|Any CPU.ActiveCfg = Release|Any CPU
		{C02ED5DB-063A-46AC-9604-7AA077DE9791}.Release|Any CPU.Build.0 = Release|Any CPU
		{C02ED5DB-063A-46AC-9604-7AA077DE9791}.Release|x64.ActiveCfg = Release|Any CPU
		{C02ED5DB-063A-46AC-9604-7AA077DE9791}.Release|x64.Build.0 = Release|Any CPU
		{C02ED5DB-063A-46AC-9604-7AA077DE9791}.Release|x86.ActiveCfg = Release|Any CPU
		{C02ED5DB-063A-46AC-9604-7AA077DE9791}.Release|x86.Build.0 = Release|Any CPU
		{0BDCFAB5-A774-4672-8AE9-23A277CD83D5}.Debug|Any CPU.ActiveCfg = Debug|Any CPU
		{0BDCFAB5-A774-4672-8AE9-23A277CD83D5}.Debug|Any CPU.Build.0 = Debug|Any CPU
		{0BDCFAB5-A774-4672-8AE9-23A277CD83D5}.Debug|x64.ActiveCfg = Debug|Any CPU
		{0BDCFAB5-A774-4672-8AE9-23A277CD83D5}.Debug|x64.Build.0 = Debug|Any CPU
		{0BDCFAB5-A774-4672-8AE9-23A277CD83D5}.Debug|x86.ActiveCfg = Debug|Any CPU
		{0BDCFAB5-A774-4672-8AE9-23A277CD83D5}.Debug|x86.Build.0 = Debug|Any CPU
		{0BDCFAB5-A774-4672-8AE9-23A277CD83D5}.Release|Any CPU.ActiveCfg = Release|Any CPU
		{0BDCFAB5-A774-4672-8AE9-23A277CD83D5}.Release|Any CPU.Build.0 = Release|Any CPU
		{0BDCFAB5-A774-4672-8AE9-23A277CD83D5}.Release|x64.ActiveCfg = Release|Any CPU
		{0BDCFAB5-A774-4672-8AE9-23A277CD83D5}.Release|x64.Build.0 = Release|Any CPU
		{0BDCFAB5-A774-4672-8AE9-23A277CD83D5}.Release|x86.ActiveCfg = Release|Any CPU
		{0BDCFAB5-A774-4672-8AE9-23A277CD83D5}.Release|x86.Build.0 = Release|Any CPU
		{A55282F5-52C4-4AFF-88AF-C91FBE8674E7}.Debug|Any CPU.ActiveCfg = Debug|Any CPU
		{A55282F5-52C4-4AFF-88AF-C91FBE8674E7}.Debug|Any CPU.Build.0 = Debug|Any CPU
		{A55282F5-52C4-4AFF-88AF-C91FBE8674E7}.Debug|x64.ActiveCfg = Debug|Any CPU
		{A55282F5-52C4-4AFF-88AF-C91FBE8674E7}.Debug|x64.Build.0 = Debug|Any CPU
		{A55282F5-52C4-4AFF-88AF-C91FBE8674E7}.Debug|x86.ActiveCfg = Debug|Any CPU
		{A55282F5-52C4-4AFF-88AF-C91FBE8674E7}.Debug|x86.Build.0 = Debug|Any CPU
		{A55282F5-52C4-4AFF-88AF-C91FBE8674E7}.Release|Any CPU.ActiveCfg = Release|Any CPU
		{A55282F5-52C4-4AFF-88AF-C91FBE8674E7}.Release|Any CPU.Build.0 = Release|Any CPU
		{A55282F5-52C4-4AFF-88AF-C91FBE8674E7}.Release|x64.ActiveCfg = Release|Any CPU
		{A55282F5-52C4-4AFF-88AF-C91FBE8674E7}.Release|x64.Build.0 = Release|Any CPU
		{A55282F5-52C4-4AFF-88AF-C91FBE8674E7}.Release|x86.ActiveCfg = Release|Any CPU
		{A55282F5-52C4-4AFF-88AF-C91FBE8674E7}.Release|x86.Build.0 = Release|Any CPU
		{0B8AE378-DA9B-40F1-8417-F84F1B686DD9}.Debug|Any CPU.ActiveCfg = Debug|Any CPU
		{0B8AE378-DA9B-40F1-8417-F84F1B686DD9}.Debug|Any CPU.Build.0 = Debug|Any CPU
		{0B8AE378-DA9B-40F1-8417-F84F1B686DD9}.Debug|x64.ActiveCfg = Debug|Any CPU
		{0B8AE378-DA9B-40F1-8417-F84F1B686DD9}.Debug|x64.Build.0 = Debug|Any CPU
		{0B8AE378-DA9B-40F1-8417-F84F1B686DD9}.Debug|x86.ActiveCfg = Debug|Any CPU
		{0B8AE378-DA9B-40F1-8417-F84F1B686DD9}.Debug|x86.Build.0 = Debug|Any CPU
		{0B8AE378-DA9B-40F1-8417-F84F1B686DD9}.Release|Any CPU.ActiveCfg = Release|Any CPU
		{0B8AE378-DA9B-40F1-8417-F84F1B686DD9}.Release|Any CPU.Build.0 = Release|Any CPU
		{0B8AE378-DA9B-40F1-8417-F84F1B686DD9}.Release|x64.ActiveCfg = Release|Any CPU
		{0B8AE378-DA9B-40F1-8417-F84F1B686DD9}.Release|x64.Build.0 = Release|Any CPU
		{0B8AE378-DA9B-40F1-8417-F84F1B686DD9}.Release|x86.ActiveCfg = Release|Any CPU
		{0B8AE378-DA9B-40F1-8417-F84F1B686DD9}.Release|x86.Build.0 = Release|Any CPU
		{5CDC66D6-475E-4C99-8880-5ED01DF8E38A}.Debug|Any CPU.ActiveCfg = Debug|Any CPU
		{5CDC66D6-475E-4C99-8880-5ED01DF8E38A}.Debug|Any CPU.Build.0 = Debug|Any CPU
		{5CDC66D6-475E-4C99-8880-5ED01DF8E38A}.Debug|x64.ActiveCfg = Debug|Any CPU
		{5CDC66D6-475E-4C99-8880-5ED01DF8E38A}.Debug|x64.Build.0 = Debug|Any CPU
		{5CDC66D6-475E-4C99-8880-5ED01DF8E38A}.Debug|x86.ActiveCfg = Debug|Any CPU
		{5CDC66D6-475E-4C99-8880-5ED01DF8E38A}.Debug|x86.Build.0 = Debug|Any CPU
		{5CDC66D6-475E-4C99-8880-5ED01DF8E38A}.Release|Any CPU.ActiveCfg = Release|Any CPU
		{5CDC66D6-475E-4C99-8880-5ED01DF8E38A}.Release|Any CPU.Build.0 = Release|Any CPU
		{5CDC66D6-475E-4C99-8880-5ED01DF8E38A}.Release|x64.ActiveCfg = Release|Any CPU
		{5CDC66D6-475E-4C99-8880-5ED01DF8E38A}.Release|x64.Build.0 = Release|Any CPU
		{5CDC66D6-475E-4C99-8880-5ED01DF8E38A}.Release|x86.ActiveCfg = Release|Any CPU
		{5CDC66D6-475E-4C99-8880-5ED01DF8E38A}.Release|x86.Build.0 = Release|Any CPU
	EndGlobalSection
	GlobalSection(SolutionProperties) = preSolution
		HideSolutionNode = FALSE
	EndGlobalSection
	GlobalSection(ExtensibilityGlobals) = postSolution
		SolutionGuid = {F93D4654-B377-4583-9785-DCBAA7F53B3C}
	EndGlobalSection
EndGlobal
