
Microsoft Visual Studio Solution File, Format Version 12.00
# Visual Studio Version 17
VisualStudioVersion = 17.9.34607.119
MinimumVisualStudioVersion = 10.0.40219.1
Project("{FAE04EC0-301F-11D3-BF4B-00C04F79EFBC}") = "MinimalToDo.API", "MinimalToDo.API\MinimalToDo.API.csproj", "{3A2196A3-5D78-4D9C-B789-F3B4E72A9245}"
EndProject
Global
	GlobalSection(SolutionConfigurationPlatforms) = preSolution
		Debug|Any CPU = Debug|Any CPU
		Release|Any CPU = Release|Any CPU
	EndGlobalSection
	GlobalSection(ProjectConfigurationPlatforms) = postSolution
		{3A2196A3-5D78-4D9C-B789-F3B4E72A9245}.Debug|Any CPU.ActiveCfg = Debug|Any CPU
		{3A2196A3-5D78-4D9C-B789-F3B4E72A9245}.Debug|Any CPU.Build.0 = Debug|Any CPU
		{3A2196A3-5D78-4D9C-B789-F3B4E72A9245}.Release|Any CPU.ActiveCfg = Release|Any CPU
		{3A2196A3-5D78-4D9C-B789-F3B4E72A9245}.Release|Any CPU.Build.0 = Release|Any CPU
	EndGlobalSection
	GlobalSection(SolutionProperties) = preSolution
		HideSolutionNode = FALSE
	EndGlobalSection
	GlobalSection(ExtensibilityGlobals) = postSolution
		SolutionGuid = {90658115-CDDE-42D1-A2E2-68A4D7B1C977}
	EndGlobalSection
EndGlobal
